
Microsoft Visual Studio Solution File, Format Version 12.00
# Visual Studio Version 16
VisualStudioVersion = 16.0.31729.503
MinimumVisualStudioVersion = 10.0.40219.1
Project("{FAE04EC0-301F-11D3-BF4B-00C04F79EFBC}") = "gdsc", "gdsc.csproj", "{EDE7F10D-EDB1-4704-B3C3-71BB1BB3203B}"
EndProject
Global
	GlobalSection(SolutionConfigurationPlatforms) = preSolution
		Debug|Any CPU = Debug|Any CPU
		Release|Any CPU = Release|Any CPU
	EndGlobalSection
	GlobalSection(ProjectConfigurationPlatforms) = postSolution
		{EDE7F10D-EDB1-4704-B3C3-71BB1BB3203B}.Debug|Any CPU.ActiveCfg = Debug|Any CPU
		{EDE7F10D-EDB1-4704-B3C3-71BB1BB3203B}.Debug|Any CPU.Build.0 = Debug|Any CPU
		{EDE7F10D-EDB1-4704-B3C3-71BB1BB3203B}.Release|Any CPU.ActiveCfg = Release|Any CPU
		{EDE7F10D-EDB1-4704-B3C3-71BB1BB3203B}.Release|Any CPU.Build.0 = Release|Any CPU
	EndGlobalSection
	GlobalSection(SolutionProperties) = preSolution
		HideSolutionNode = FALSE
	EndGlobalSection
	GlobalSection(ExtensibilityGlobals) = postSolution
		SolutionGuid = {641FC9EF-9FB7-42B9-AE78-B83DD3CECCB7}
	EndGlobalSection
EndGlobal
